// !$*UTF8*$!
{
	archiveVersion = 1;
	classes = {
	};
	objectVersion = 56;
	objects = {

/* Begin PBXBuildFile section */
		D57077AC2B1E87B40036F8CF /* MoonShotApp.swift in Sources */ = {isa = PBXBuildFile; fileRef = D57077AB2B1E87B40036F8CF /* MoonShotApp.swift */; };
		D57077AE2B1E87B40036F8CF /* ContentView.swift in Sources */ = {isa = PBXBuildFile; fileRef = D57077AD2B1E87B40036F8CF /* ContentView.swift */; };
		D57077B02B1E87B80036F8CF /* Assets.xcassets in Resources */ = {isa = PBXBuildFile; fileRef = D57077AF2B1E87B80036F8CF /* Assets.xcassets */; };
		D57077B32B1E87B80036F8CF /* Preview Assets.xcassets in Resources */ = {isa = PBXBuildFile; fileRef = D57077B22B1E87B80036F8CF /* Preview Assets.xcassets */; };
		D57077BF2B1FF1E10036F8CF /* missions.json in Resources */ = {isa = PBXBuildFile; fileRef = D57077BD2B1FF1E10036F8CF /* missions.json */; };
		D57077C02B1FF1E10036F8CF /* astronauts.json in Resources */ = {isa = PBXBuildFile; fileRef = D57077BE2B1FF1E10036F8CF /* astronauts.json */; };
		D57077C22B1FF2B70036F8CF /* Astronaut.swift in Sources */ = {isa = PBXBuildFile; fileRef = D57077C12B1FF2B70036F8CF /* Astronaut.swift */; };
		D57077C42B1FF3A40036F8CF /* Bundle-Decodable.swift in Sources */ = {isa = PBXBuildFile; fileRef = D57077C32B1FF3A40036F8CF /* Bundle-Decodable.swift */; };
		D57077C62B1FF8060036F8CF /* Mission.swift in Sources */ = {isa = PBXBuildFile; fileRef = D57077C52B1FF8060036F8CF /* Mission.swift */; };
		D57077C82B21455B0036F8CF /* Color-Theme.swift in Sources */ = {isa = PBXBuildFile; fileRef = D57077C72B21455B0036F8CF /* Color-Theme.swift */; };
		D57077CA2B2166D30036F8CF /* MissionView.swift in Sources */ = {isa = PBXBuildFile; fileRef = D57077C92B2166D30036F8CF /* MissionView.swift */; };
		D57077CC2B2179E50036F8CF /* AstronautView.swift in Sources */ = {isa = PBXBuildFile; fileRef = D57077CB2B2179E50036F8CF /* AstronautView.swift */; };
		D74E83EE2BE17D4E0058AC60 /* CardView.swift in Sources */ = {isa = PBXBuildFile; fileRef = D74E83ED2BE17D4E0058AC60 /* CardView.swift */; };
/* End PBXBuildFile section */

/* Begin PBXFileReference section */
		D57077A82B1E87B40036F8CF /* MoonShot.app */ = {isa = PBXFileReference; explicitFileType = wrapper.application; includeInIndex = 0; path = MoonShot.app; sourceTree = BUILT_PRODUCTS_DIR; };
		D57077AB2B1E87B40036F8CF /* MoonShotApp.swift */ = {isa = PBXFileReference; lastKnownFileType = sourcecode.swift; path = MoonShotApp.swift; sourceTree = "<group>"; };
		D57077AD2B1E87B40036F8CF /* ContentView.swift */ = {isa = PBXFileReference; lastKnownFileType = sourcecode.swift; path = ContentView.swift; sourceTree = "<group>"; };
		D57077AF2B1E87B80036F8CF /* Assets.xcassets */ = {isa = PBXFileReference; lastKnownFileType = folder.assetcatalog; path = Assets.xcassets; sourceTree = "<group>"; };
		D57077B22B1E87B80036F8CF /* Preview Assets.xcassets */ = {isa = PBXFileReference; lastKnownFileType = folder.assetcatalog; path = "Preview Assets.xcassets"; sourceTree = "<group>"; };
		D57077BD2B1FF1E10036F8CF /* missions.json */ = {isa = PBXFileReference; fileEncoding = 4; lastKnownFileType = text.json; path = missions.json; sourceTree = "<group>"; };
		D57077BE2B1FF1E10036F8CF /* astronauts.json */ = {isa = PBXFileReference; fileEncoding = 4; lastKnownFileType = text.json; path = astronauts.json; sourceTree = "<group>"; };
		D57077C12B1FF2B70036F8CF /* Astronaut.swift */ = {isa = PBXFileReference; lastKnownFileType = sourcecode.swift; path = Astronaut.swift; sourceTree = "<group>"; };
		D57077C32B1FF3A40036F8CF /* Bundle-Decodable.swift */ = {isa = PBXFileReference; lastKnownFileType = sourcecode.swift; path = "Bundle-Decodable.swift"; sourceTree = "<group>"; };
		D57077C52B1FF8060036F8CF /* Mission.swift */ = {isa = PBXFileReference; lastKnownFileType = sourcecode.swift; path = Mission.swift; sourceTree = "<group>"; };
		D57077C72B21455B0036F8CF /* Color-Theme.swift */ = {isa = PBXFileReference; lastKnownFileType = sourcecode.swift; path = "Color-Theme.swift"; sourceTree = "<group>"; };
		D57077C92B2166D30036F8CF /* MissionView.swift */ = {isa = PBXFileReference; lastKnownFileType = sourcecode.swift; path = MissionView.swift; sourceTree = "<group>"; };
		D57077CB2B2179E50036F8CF /* AstronautView.swift */ = {isa = PBXFileReference; lastKnownFileType = sourcecode.swift; path = AstronautView.swift; sourceTree = "<group>"; };
		D74E83ED2BE17D4E0058AC60 /* CardView.swift */ = {isa = PBXFileReference; lastKnownFileType = sourcecode.swift; path = CardView.swift; sourceTree = "<group>"; };
/* End PBXFileReference section */

/* Begin PBXFrameworksBuildPhase section */
		D57077A52B1E87B40036F8CF /* Frameworks */ = {
			isa = PBXFrameworksBuildPhase;
			buildActionMask = 2147483647;
			files = (
			);
			runOnlyForDeploymentPostprocessing = 0;
		};
/* End PBXFrameworksBuildPhase section */

/* Begin PBXGroup section */
		D570779F2B1E87B40036F8CF = {
			isa = PBXGroup;
			children = (
				D57077AA2B1E87B40036F8CF /* MoonShot */,
				D57077A92B1E87B40036F8CF /* Products */,
			);
			sourceTree = "<group>";
		};
		D57077A92B1E87B40036F8CF /* Products */ = {
			isa = PBXGroup;
			children = (
				D57077A82B1E87B40036F8CF /* MoonShot.app */,
			);
			name = Products;
			sourceTree = "<group>";
		};
		D57077AA2B1E87B40036F8CF /* MoonShot */ = {
			isa = PBXGroup;
			children = (
				D57077AB2B1E87B40036F8CF /* MoonShotApp.swift */,
				D57077AD2B1E87B40036F8CF /* ContentView.swift */,
				D74E83EA2BE17BF50058AC60 /* Views */,
				D74E83EB2BE17C110058AC60 /* Model */,
				D74E83EC2BE17C350058AC60 /* Topics */,
				D57077AF2B1E87B80036F8CF /* Assets.xcassets */,
				D74E83EF2BE184760058AC60 /* JSON's */,
				D57077B12B1E87B80036F8CF /* Preview Content */,
			);
			path = MoonShot;
			sourceTree = "<group>";
		};
		D57077B12B1E87B80036F8CF /* Preview Content */ = {
			isa = PBXGroup;
			children = (
				D57077B22B1E87B80036F8CF /* Preview Assets.xcassets */,
			);
			path = "Preview Content";
			sourceTree = "<group>";
		};
		D74E83EA2BE17BF50058AC60 /* Views */ = {
			isa = PBXGroup;
			children = (
				D57077CB2B2179E50036F8CF /* AstronautView.swift */,
				D57077C92B2166D30036F8CF /* MissionView.swift */,
				D74E83ED2BE17D4E0058AC60 /* CardView.swift */,
			);
			path = Views;
			sourceTree = "<group>";
		};
		D74E83EB2BE17C110058AC60 /* Model */ = {
			isa = PBXGroup;
			children = (
				D57077C52B1FF8060036F8CF /* Mission.swift */,
				D57077C12B1FF2B70036F8CF /* Astronaut.swift */,
				D57077C32B1FF3A40036F8CF /* Bundle-Decodable.swift */,
			);
			path = Model;
			sourceTree = "<group>";
		};
		D74E83EC2BE17C350058AC60 /* Topics */ = {
			isa = PBXGroup;
			children = (
				D57077C72B21455B0036F8CF /* Color-Theme.swift */,
			);
			path = Topics;
			sourceTree = "<group>";
		};
		D74E83EF2BE184760058AC60 /* JSON's */ = {
			isa = PBXGroup;
			children = (
				D57077BE2B1FF1E10036F8CF /* astronauts.json */,
				D57077BD2B1FF1E10036F8CF /* missions.json */,
			);
			path = "JSON's";
			sourceTree = "<group>";
		};
/* End PBXGroup section */

/* Begin PBXNativeTarget section */
		D57077A72B1E87B40036F8CF /* MoonShot */ = {
			isa = PBXNativeTarget;
			buildConfigurationList = D57077B62B1E87B80036F8CF /* Build configuration list for PBXNativeTarget "MoonShot" */;
			buildPhases = (
				D57077A42B1E87B40036F8CF /* Sources */,
				D57077A52B1E87B40036F8CF /* Frameworks */,
				D57077A62B1E87B40036F8CF /* Resources */,
			);
			buildRules = (
			);
			dependencies = (
			);
			name = MoonShot;
			productName = MoonShot;
			productReference = D57077A82B1E87B40036F8CF /* MoonShot.app */;
			productType = "com.apple.product-type.application";
		};
/* End PBXNativeTarget section */

/* Begin PBXProject section */
		D57077A02B1E87B40036F8CF /* Project object */ = {
			isa = PBXProject;
			attributes = {
				BuildIndependentTargetsInParallel = 1;
				LastSwiftUpdateCheck = 1430;
				LastUpgradeCheck = 1510;
				TargetAttributes = {
					D57077A72B1E87B40036F8CF = {
						CreatedOnToolsVersion = 14.3.1;
					};
				};
			};
			buildConfigurationList = D57077A32B1E87B40036F8CF /* Build configuration list for PBXProject "MoonShot" */;
			compatibilityVersion = "Xcode 14.0";
			developmentRegion = en;
			hasScannedForEncodings = 0;
			knownRegions = (
				en,
				Base,
			);
			mainGroup = D570779F2B1E87B40036F8CF;
			productRefGroup = D57077A92B1E87B40036F8CF /* Products */;
			projectDirPath = "";
			projectRoot = "";
			targets = (
				D57077A72B1E87B40036F8CF /* MoonShot */,
			);
		};
/* End PBXProject section */

/* Begin PBXResourcesBuildPhase section */
		D57077A62B1E87B40036F8CF /* Resources */ = {
			isa = PBXResourcesBuildPhase;
			buildActionMask = 2147483647;
			files = (
				D57077B32B1E87B80036F8CF /* Preview Assets.xcassets in Resources */,
				D57077BF2B1FF1E10036F8CF /* missions.json in Resources */,
				D57077B02B1E87B80036F8CF /* Assets.xcassets in Resources */,
				D57077C02B1FF1E10036F8CF /* astronauts.json in Resources */,
			);
			runOnlyForDeploymentPostprocessing = 0;
		};
/* End PBXResourcesBuildPhase section */

/* Begin PBXSourcesBuildPhase section */
		D57077A42B1E87B40036F8CF /* Sources */ = {
			isa = PBXSourcesBuildPhase;
			buildActionMask = 2147483647;
			files = (
				D57077CA2B2166D30036F8CF /* MissionView.swift in Sources */,
				D74E83EE2BE17D4E0058AC60 /* CardView.swift in Sources */,
				D57077C22B1FF2B70036F8CF /* Astronaut.swift in Sources */,
				D57077CC2B2179E50036F8CF /* AstronautView.swift in Sources */,
				D57077C82B21455B0036F8CF /* Color-Theme.swift in Sources */,
				D57077AE2B1E87B40036F8CF /* ContentView.swift in Sources */,
				D57077AC2B1E87B40036F8CF /* MoonShotApp.swift in Sources */,
				D57077C62B1FF8060036F8CF /* Mission.swift in Sources */,
				D57077C42B1FF3A40036F8CF /* Bundle-Decodable.swift in Sources */,
			);
			runOnlyForDeploymentPostprocessing = 0;
		};
/* End PBXSourcesBuildPhase section */

/* Begin XCBuildConfiguration section */
		D57077B42B1E87B80036F8CF /* Debug */ = {
			isa = XCBuildConfiguration;
			buildSettings = {
				ALWAYS_SEARCH_USER_PATHS = NO;
				CLANG_ANALYZER_NONNULL = YES;
				CLANG_ANALYZER_NUMBER_OBJECT_CONVERSION = YES_AGGRESSIVE;
				CLANG_CXX_LANGUAGE_STANDARD = "gnu++20";
				CLANG_ENABLE_MODULES = YES;
				CLANG_ENABLE_OBJC_ARC = YES;
				CLANG_ENABLE_OBJC_WEAK = YES;
				CLANG_WARN_BLOCK_CAPTURE_AUTORELEASING = YES;
				CLANG_WARN_BOOL_CONVERSION = YES;
				CLANG_WARN_COMMA = YES;
				CLANG_WARN_CONSTANT_CONVERSION = YES;
				CLANG_WARN_DEPRECATED_OBJC_IMPLEMENTATIONS = YES;
				CLANG_WARN_DIRECT_OBJC_ISA_USAGE = YES_ERROR;
				CLANG_WARN_DOCUMENTATION_COMMENTS = YES;
				CLANG_WARN_EMPTY_BODY = YES;
				CLANG_WARN_ENUM_CONVERSION = YES;
				CLANG_WARN_INFINITE_RECURSION = YES;
				CLANG_WARN_INT_CONVERSION = YES;
				CLANG_WARN_NON_LITERAL_NULL_CONVERSION = YES;
				CLANG_WARN_OBJC_IMPLICIT_RETAIN_SELF = YES;
				CLANG_WARN_OBJC_LITERAL_CONVERSION = YES;
				CLANG_WARN_OBJC_ROOT_CLASS = YES_ERROR;
				CLANG_WARN_QUOTED_INCLUDE_IN_FRAMEWORK_HEADER = YES;
				CLANG_WARN_RANGE_LOOP_ANALYSIS = YES;
				CLANG_WARN_STRICT_PROTOTYPES = YES;
				CLANG_WARN_SUSPICIOUS_MOVE = YES;
				CLANG_WARN_UNGUARDED_AVAILABILITY = YES_AGGRESSIVE;
				CLANG_WARN_UNREACHABLE_CODE = YES;
				CLANG_WARN__DUPLICATE_METHOD_MATCH = YES;
				COPY_PHASE_STRIP = NO;
				DEBUG_INFORMATION_FORMAT = dwarf;
				ENABLE_STRICT_OBJC_MSGSEND = YES;
				ENABLE_TESTABILITY = YES;
				ENABLE_USER_SCRIPT_SANDBOXING = YES;
				GCC_C_LANGUAGE_STANDARD = gnu11;
				GCC_DYNAMIC_NO_PIC = NO;
				GCC_NO_COMMON_BLOCKS = YES;
				GCC_OPTIMIZATION_LEVEL = 0;
				GCC_PREPROCESSOR_DEFINITIONS = (
					"DEBUG=1",
					"$(inherited)",
				);
				GCC_WARN_64_TO_32_BIT_CONVERSION = YES;
				GCC_WARN_ABOUT_RETURN_TYPE = YES_ERROR;
				GCC_WARN_UNDECLARED_SELECTOR = YES;
				GCC_WARN_UNINITIALIZED_AUTOS = YES_AGGRESSIVE;
				GCC_WARN_UNUSED_FUNCTION = YES;
				GCC_WARN_UNUSED_VARIABLE = YES;
				IPHONEOS_DEPLOYMENT_TARGET = 16.4;
				MTL_ENABLE_DEBUG_INFO = INCLUDE_SOURCE;
				MTL_FAST_MATH = YES;
				ONLY_ACTIVE_ARCH = YES;
				SDKROOT = iphoneos;
				SWIFT_ACTIVE_COMPILATION_CONDITIONS = DEBUG;
				SWIFT_OPTIMIZATION_LEVEL = "-Onone";
			};
			name = Debug;
		};
		D57077B52B1E87B80036F8CF /* Release */ = {
			isa = XCBuildConfiguration;
			buildSettings = {
				ALWAYS_SEARCH_USER_PATHS = NO;
				CLANG_ANALYZER_NONNULL = YES;
				CLANG_ANALYZER_NUMBER_OBJECT_CONVERSION = YES_AGGRESSIVE;
				CLANG_CXX_LANGUAGE_STANDARD = "gnu++20";
				CLANG_ENABLE_MODULES = YES;
				CLANG_ENABLE_OBJC_ARC = YES;
				CLANG_ENABLE_OBJC_WEAK = YES;
				CLANG_WARN_BLOCK_CAPTURE_AUTORELEASING = YES;
				CLANG_WARN_BOOL_CONVERSION = YES;
				CLANG_WARN_COMMA = YES;
				CLANG_WARN_CONSTANT_CONVERSION = YES;
				CLANG_WARN_DEPRECATED_OBJC_IMPLEMENTATIONS = YES;
				CLANG_WARN_DIRECT_OBJC_ISA_USAGE = YES_ERROR;
				CLANG_WARN_DOCUMENTATION_COMMENTS = YES;
				CLANG_WARN_EMPTY_BODY = YES;
				CLANG_WARN_ENUM_CONVERSION = YES;
				CLANG_WARN_INFINITE_RECURSION = YES;
				CLANG_WARN_INT_CONVERSION = YES;
				CLANG_WARN_NON_LITERAL_NULL_CONVERSION = YES;
				CLANG_WARN_OBJC_IMPLICIT_RETAIN_SELF = YES;
				CLANG_WARN_OBJC_LITERAL_CONVERSION = YES;
				CLANG_WARN_OBJC_ROOT_CLASS = YES_ERROR;
				CLANG_WARN_QUOTED_INCLUDE_IN_FRAMEWORK_HEADER = YES;
				CLANG_WARN_RANGE_LOOP_ANALYSIS = YES;
				CLANG_WARN_STRICT_PROTOTYPES = YES;
				CLANG_WARN_SUSPICIOUS_MOVE = YES;
				CLANG_WARN_UNGUARDED_AVAILABILITY = YES_AGGRESSIVE;
				CLANG_WARN_UNREACHABLE_CODE = YES;
				CLANG_WARN__DUPLICATE_METHOD_MATCH = YES;
				COPY_PHASE_STRIP = NO;
				DEBUG_INFORMATION_FORMAT = "dwarf-with-dsym";
				ENABLE_NS_ASSERTIONS = NO;
				ENABLE_STRICT_OBJC_MSGSEND = YES;
				ENABLE_USER_SCRIPT_SANDBOXING = YES;
				GCC_C_LANGUAGE_STANDARD = gnu11;
				GCC_NO_COMMON_BLOCKS = YES;
				GCC_WARN_64_TO_32_BIT_CONVERSION = YES;
				GCC_WARN_ABOUT_RETURN_TYPE = YES_ERROR;
				GCC_WARN_UNDECLARED_SELECTOR = YES;
				GCC_WARN_UNINITIALIZED_AUTOS = YES_AGGRESSIVE;
				GCC_WARN_UNUSED_FUNCTION = YES;
				GCC_WARN_UNUSED_VARIABLE = YES;
				IPHONEOS_DEPLOYMENT_TARGET = 16.4;
				MTL_ENABLE_DEBUG_INFO = NO;
				MTL_FAST_MATH = YES;
				SDKROOT = iphoneos;
				SWIFT_COMPILATION_MODE = wholemodule;
				SWIFT_OPTIMIZATION_LEVEL = "-O";
				VALIDATE_PRODUCT = YES;
			};
			name = Release;
		};
		D57077B72B1E87B80036F8CF /* Debug */ = {
			isa = XCBuildConfiguration;
			buildSettings = {
				ASSETCATALOG_COMPILER_APPICON_NAME = AppIcon;
				ASSETCATALOG_COMPILER_GLOBAL_ACCENT_COLOR_NAME = AccentColor;
				CODE_SIGN_STYLE = Automatic;
				CURRENT_PROJECT_VERSION = 1;
				DEVELOPMENT_ASSET_PATHS = "\"MoonShot/Preview Content\"";
				ENABLE_PREVIEWS = YES;
				GENERATE_INFOPLIST_FILE = YES;
				INFOPLIST_KEY_UIApplicationSceneManifest_Generation = YES;
				INFOPLIST_KEY_UIApplicationSupportsIndirectInputEvents = YES;
				INFOPLIST_KEY_UILaunchScreen_Generation = YES;
				INFOPLIST_KEY_UISupportedInterfaceOrientations_iPad = "UIInterfaceOrientationPortrait UIInterfaceOrientationPortraitUpsideDown UIInterfaceOrientationLandscapeLeft UIInterfaceOrientationLandscapeRight";
				INFOPLIST_KEY_UISupportedInterfaceOrientations_iPhone = "UIInterfaceOrientationPortrait UIInterfaceOrientationLandscapeLeft UIInterfaceOrientationLandscapeRight";
				LD_RUNPATH_SEARCH_PATHS = (
					"$(inherited)",
					"@executable_path/Frameworks",
				);
				MARKETING_VERSION = 1.0;
				PRODUCT_BUNDLE_IDENTIFIER = com.jairo.MoonShot;
				PRODUCT_NAME = "$(TARGET_NAME)";
				SWIFT_EMIT_LOC_STRINGS = YES;
				SWIFT_VERSION = 5.0;
				TARGETED_DEVICE_FAMILY = "1,2";
			};
			name = Debug;
		};
		D57077B82B1E87B80036F8CF /* Release */ = {
			isa = XCBuildConfiguration;
			buildSettings = {
				ASSETCATALOG_COMPILER_APPICON_NAME = AppIcon;
				ASSETCATALOG_COMPILER_GLOBAL_ACCENT_COLOR_NAME = AccentColor;
				CODE_SIGN_STYLE = Automatic;
				CURRENT_PROJECT_VERSION = 1;
				DEVELOPMENT_ASSET_PATHS = "\"MoonShot/Preview Content\"";
				ENABLE_PREVIEWS = YES;
				GENERATE_INFOPLIST_FILE = YES;
				INFOPLIST_KEY_UIApplicationSceneManifest_Generation = YES;
				INFOPLIST_KEY_UIApplicationSupportsIndirectInputEvents = YES;
				INFOPLIST_KEY_UILaunchScreen_Generation = YES;
				INFOPLIST_KEY_UISupportedInterfaceOrientations_iPad = "UIInterfaceOrientationPortrait UIInterfaceOrientationPortraitUpsideDown UIInterfaceOrientationLandscapeLeft UIInterfaceOrientationLandscapeRight";
				INFOPLIST_KEY_UISupportedInterfaceOrientations_iPhone = "UIInterfaceOrientationPortrait UIInterfaceOrientationLandscapeLeft UIInterfaceOrientationLandscapeRight";
				LD_RUNPATH_SEARCH_PATHS = (
					"$(inherited)",
					"@executable_path/Frameworks",
				);
				MARKETING_VERSION = 1.0;
				PRODUCT_BUNDLE_IDENTIFIER = com.jairo.MoonShot;
				PRODUCT_NAME = "$(TARGET_NAME)";
				SWIFT_EMIT_LOC_STRINGS = YES;
				SWIFT_VERSION = 5.0;
				TARGETED_DEVICE_FAMILY = "1,2";
			};
			name = Release;
		};
/* End XCBuildConfiguration section */

/* Begin XCConfigurationList section */
		D57077A32B1E87B40036F8CF /* Build configuration list for PBXProject "MoonShot" */ = {
			isa = XCConfigurationList;
			buildConfigurations = (
				D57077B42B1E87B80036F8CF /* Debug */,
				D57077B52B1E87B80036F8CF /* Release */,
			);
			defaultConfigurationIsVisible = 0;
			defaultConfigurationName = Release;
		};
		D57077B62B1E87B80036F8CF /* Build configuration list for PBXNativeTarget "MoonShot" */ = {
			isa = XCConfigurationList;
			buildConfigurations = (
				D57077B72B1E87B80036F8CF /* Debug */,
				D57077B82B1E87B80036F8CF /* Release */,
			);
			defaultConfigurationIsVisible = 0;
			defaultConfigurationName = Release;
		};
/* End XCConfigurationList section */
	};
	rootObject = D57077A02B1E87B40036F8CF /* Project object */;
}
